
Microsoft Visual Studio Solution File, Format Version 12.00
# Visual Studio Version 17
VisualStudioVersion = 17.3.32901.215
MinimumVisualStudioVersion = 10.0.40219.1
Project("{FAE04EC0-301F-11D3-BF4B-00C04F79EFBC}") = "ReceiverService", "RabbitMQConsoleApp\ReceiverService.csproj", "{7B6E61D0-140C-43DD-97D8-996ECB5E0BBA}"
EndProject
Project("{FAE04EC0-301F-11D3-BF4B-00C04F79EFBC}") = "DataCaptureService", "DataCaptureService\DataCaptureService.csproj", "{B83E4BE2-527F-4F35-B13D-C34109287B8F}"
EndProject
Global
	GlobalSection(SolutionConfigurationPlatforms) = preSolution
		Debug|Any CPU = Debug|Any CPU
		Release|Any CPU = Release|Any CPU
	EndGlobalSection
	GlobalSection(ProjectConfigurationPlatforms) = postSolution
		{7B6E61D0-140C-43DD-97D8-996ECB5E0BBA}.Debug|Any CPU.ActiveCfg = Debug|Any CPU
		{7B6E61D0-140C-43DD-97D8-996ECB5E0BBA}.Debug|Any CPU.Build.0 = Debug|Any CPU
		{7B6E61D0-140C-43DD-97D8-996ECB5E0BBA}.Release|Any CPU.ActiveCfg = Release|Any CPU
		{7B6E61D0-140C-43DD-97D8-996ECB5E0BBA}.Release|Any CPU.Build.0 = Release|Any CPU
		{B83E4BE2-527F-4F35-B13D-C34109287B8F}.Debug|Any CPU.ActiveCfg = Debug|Any CPU
		{B83E4BE2-527F-4F35-B13D-C34109287B8F}.Debug|Any CPU.Build.0 = Debug|Any CPU
		{B83E4BE2-527F-4F35-B13D-C34109287B8F}.Release|Any CPU.ActiveCfg = Release|Any CPU
		{B83E4BE2-527F-4F35-B13D-C34109287B8F}.Release|Any CPU.Build.0 = Release|Any CPU
	EndGlobalSection
	GlobalSection(SolutionProperties) = preSolution
		HideSolutionNode = FALSE
	EndGlobalSection
	GlobalSection(ExtensibilityGlobals) = postSolution
		SolutionGuid = {BA68FDE8-35AC-406F-954F-22D52E579E78}
	EndGlobalSection
EndGlobal
